
Microsoft Visual Studio Solution File, Format Version 12.00
# Visual Studio Version 17
VisualStudioVersion = 17.7.34031.279
MinimumVisualStudioVersion = 10.0.40219.1
Project("{FAE04EC0-301F-11D3-BF4B-00C04F79EFBC}") = "レシピ集", "レシピ集\レシピ集.csproj", "{2B91AB26-B471-4A22-AF13-223502FB4AC7}"
EndProject
Global
	GlobalSection(SolutionConfigurationPlatforms) = preSolution
		Debug|Any CPU = Debug|Any CPU
		Release|Any CPU = Release|Any CPU
	EndGlobalSection
	GlobalSection(ProjectConfigurationPlatforms) = postSolution
		{2B91AB26-B471-4A22-AF13-223502FB4AC7}.Debug|Any CPU.ActiveCfg = Debug|Any CPU
		{2B91AB26-B471-4A22-AF13-223502FB4AC7}.Debug|Any CPU.Build.0 = Debug|Any CPU
		{2B91AB26-B471-4A22-AF13-223502FB4AC7}.Release|Any CPU.ActiveCfg = Release|Any CPU
		{2B91AB26-B471-4A22-AF13-223502FB4AC7}.Release|Any CPU.Build.0 = Release|Any CPU
	EndGlobalSection
	GlobalSection(SolutionProperties) = preSolution
		HideSolutionNode = FALSE
	EndGlobalSection
	GlobalSection(ExtensibilityGlobals) = postSolution
		SolutionGuid = {C7B53B16-7453-430D-B14F-DC6E78B7716C}
	EndGlobalSection
EndGlobal
